
Microsoft Visual Studio Solution File, Format Version 12.00
# Visual Studio 15
VisualStudioVersion = 15.0.26730.3
MinimumVisualStudioVersion = 10.0.40219.1
Project("{FAE04EC0-301F-11D3-BF4B-00C04F79EFBC}") = "SweetList.Domain", "SweetList.Domain\SweetList.Domain.csproj", "{DA9655DE-ABAA-4503-8394-3E6AE111530D}"
EndProject
Project("{FAE04EC0-301F-11D3-BF4B-00C04F79EFBC}") = "SweetList.Entity", "SweetList.Entity\SweetList.Entity.csproj", "{35685722-8A4F-45F5-95C5-5858C52F9E85}"
EndProject
Project("{FAE04EC0-301F-11D3-BF4B-00C04F79EFBC}") = "SweetList.Web", "SweetList.Web\SweetList.Web.csproj", "{451AA449-13B4-415C-B42A-E22897E3BBB2}"
EndProject
Project("{FAE04EC0-301F-11D3-BF4B-00C04F79EFBC}") = "SweetList.Repository", "SweetList.Repository\SweetList.Repository.csproj", "{ECF225F7-B45F-482B-9D27-C6FE77AFA515}"
EndProject
Global
	GlobalSection(SolutionConfigurationPlatforms) = preSolution
		Debug|Any CPU = Debug|Any CPU
		Release|Any CPU = Release|Any CPU
	EndGlobalSection
	GlobalSection(ProjectConfigurationPlatforms) = postSolution
		{DA9655DE-ABAA-4503-8394-3E6AE111530D}.Debug|Any CPU.ActiveCfg = Debug|Any CPU
		{DA9655DE-ABAA-4503-8394-3E6AE111530D}.Debug|Any CPU.Build.0 = Debug|Any CPU
		{DA9655DE-ABAA-4503-8394-3E6AE111530D}.Release|Any CPU.ActiveCfg = Release|Any CPU
		{DA9655DE-ABAA-4503-8394-3E6AE111530D}.Release|Any CPU.Build.0 = Release|Any CPU
		{35685722-8A4F-45F5-95C5-5858C52F9E85}.Debug|Any CPU.ActiveCfg = Debug|Any CPU
		{35685722-8A4F-45F5-95C5-5858C52F9E85}.Debug|Any CPU.Build.0 = Debug|Any CPU
		{35685722-8A4F-45F5-95C5-5858C52F9E85}.Release|Any CPU.ActiveCfg = Release|Any CPU
		{35685722-8A4F-45F5-95C5-5858C52F9E85}.Release|Any CPU.Build.0 = Release|Any CPU
		{451AA449-13B4-415C-B42A-E22897E3BBB2}.Debug|Any CPU.ActiveCfg = Debug|Any CPU
		{451AA449-13B4-415C-B42A-E22897E3BBB2}.Debug|Any CPU.Build.0 = Debug|Any CPU
		{451AA449-13B4-415C-B42A-E22897E3BBB2}.Release|Any CPU.ActiveCfg = Release|Any CPU
		{451AA449-13B4-415C-B42A-E22897E3BBB2}.Release|Any CPU.Build.0 = Release|Any CPU
		{ECF225F7-B45F-482B-9D27-C6FE77AFA515}.Debug|Any CPU.ActiveCfg = Debug|Any CPU
		{ECF225F7-B45F-482B-9D27-C6FE77AFA515}.Debug|Any CPU.Build.0 = Debug|Any CPU
		{ECF225F7-B45F-482B-9D27-C6FE77AFA515}.Release|Any CPU.ActiveCfg = Release|Any CPU
		{ECF225F7-B45F-482B-9D27-C6FE77AFA515}.Release|Any CPU.Build.0 = Release|Any CPU
	EndGlobalSection
	GlobalSection(SolutionProperties) = preSolution
		HideSolutionNode = FALSE
	EndGlobalSection
	GlobalSection(ExtensibilityGlobals) = postSolution
		SolutionGuid = {D1F88B60-3859-40B2-B5C9-43191104F2D2}
	EndGlobalSection
EndGlobal
